{
  "name": "myshare-ui",
  "version": "0.1.0",
  "lockfileVersion": 1,
  "requires": true,
  "dependencies": {
    "@types/prop-types": {
      "version": "15.5.5",
      "resolved": "https://registry.npmjs.org/@types/prop-types/-/prop-types-15.5.5.tgz",
      "integrity": "sha512-mOrlCEdwX3seT3n0AXNt4KNPAZZxcsABUHwBgFXOt+nvFUXkxCAO6UBJHPrDxWEa2KDMil86355fjo8jbZ+K0Q==",
      "dev": true,
      "requires": {
        "@types/react": "16.4.9"
      }
    },
    "@types/react": {
      "version": "16.4.9",
      "resolved": "https://registry.npmjs.org/@types/react/-/react-16.4.9.tgz",
      "integrity": "sha512-hG3/RD7baE2bY3N9hRodZbl9qcpG38njeQcbLZvOFOUqDShk7dtAEq5vH2HHf/GYHw4mc3m7zuIVgLnAlTVAnA==",
      "dev": true,
      "requires": {
        "@types/prop-types": "15.5.5",
        "csstype": "2.5.6"
      }
    },
    "@types/react-redux": {
      "version": "6.0.6",
      "resolved": "https://registry.npmjs.org/@types/react-redux/-/react-redux-6.0.6.tgz",
      "integrity": "sha512-sD/QEn45h+CH0OAhCn6/9COlihZ94bzpP58QzYYCL3tOFta/WBhuvMoyLP8khJLfwQBx1PT70HP/1GnDws9YXQ==",
      "dev": true,
      "requires": {
        "@types/react": "16.4.9",
        "redux": "4.0.0"
      },
      "dependencies": {
        "redux": {
          "version": "4.0.0",
          "resolved": "https://registry.npmjs.org/redux/-/redux-4.0.0.tgz",
          "integrity": "sha512-NnnHF0h0WVE/hXyrB6OlX67LYRuaf/rJcbWvnHHEPCF/Xa/AZpwhs/20WyqzQae5x4SD2F9nPObgBh2rxAgLiA==",
          "dev": true,
          "requires": {
            "loose-envify": "1.4.0",
            "symbol-observable": "1.2.0"
          }
        }
      }
    },
    "csstype": {
      "version": "2.5.6",
      "resolved": "https://registry.npmjs.org/csstype/-/csstype-2.5.6.tgz",
      "integrity": "sha512-tKPyhy0FmfYD2KQYXD5GzkvAYLYj96cMLXr648CKGd3wBe0QqoPipImjGiLze9c8leJK8J3n7ap90tpk3E6HGQ==",
      "dev": true
    },
    "js-tokens": {
      "version": "4.0.0",
      "resolved": "https://registry.npmjs.org/js-tokens/-/js-tokens-4.0.0.tgz",
      "integrity": "sha512-RdJUflcE3cUzKiMqQgsCu06FPu9UdIJO0beYbPhHN4k6apgJtifcoCtT9bcxOpYBtpD2kCM6Sbzg4CausW/PKQ==",
      "dev": true
    },
    "loose-envify": {
      "version": "1.4.0",
      "resolved": "https://registry.npmjs.org/loose-envify/-/loose-envify-1.4.0.tgz",
      "integrity": "sha512-lyuxPGr/Wfhrlem2CL/UcnUc1zcqKAImBDzukY7Y5F/yQiNdko6+fRLevlw1HgMySw7f611UIY408EtxRSoK3Q==",
      "dev": true,
      "requires": {
        "js-tokens": "4.0.0"
      }
    },
    "symbol-observable": {
      "version": "1.2.0",
      "resolved": "https://registry.npmjs.org/symbol-observable/-/symbol-observable-1.2.0.tgz",
      "integrity": "sha512-e900nM8RRtGhlV36KGEU9k65K3mPb1WV70OdjfxlG2EAuM1noi/E/BaW/uMhL7bPEssK8QV57vN3esixjUvcXQ==",
      "dev": true
    }
  }
}
